
Microsoft Visual Studio Solution File, Format Version 12.00
# Visual Studio Version 16
VisualStudioVersion = 16.0.30711.63
MinimumVisualStudioVersion = 10.0.40219.1
Project("{FAE04EC0-301F-11D3-BF4B-00C04F79EFBC}") = "PriceLists_Redactor", "PriceLists_Redactor\PriceLists_Redactor.csproj", "{E2E1A936-557E-473F-AC62-DF0BE0F0C4C4}"
EndProject
Global
	GlobalSection(SolutionConfigurationPlatforms) = preSolution
		Debug|Any CPU = Debug|Any CPU
		Release|Any CPU = Release|Any CPU
	EndGlobalSection
	GlobalSection(ProjectConfigurationPlatforms) = postSolution
		{E2E1A936-557E-473F-AC62-DF0BE0F0C4C4}.Debug|Any CPU.ActiveCfg = Debug|Any CPU
		{E2E1A936-557E-473F-AC62-DF0BE0F0C4C4}.Debug|Any CPU.Build.0 = Debug|Any CPU
		{E2E1A936-557E-473F-AC62-DF0BE0F0C4C4}.Release|Any CPU.ActiveCfg = Release|Any CPU
		{E2E1A936-557E-473F-AC62-DF0BE0F0C4C4}.Release|Any CPU.Build.0 = Release|Any CPU
	EndGlobalSection
	GlobalSection(SolutionProperties) = preSolution
		HideSolutionNode = FALSE
	EndGlobalSection
	GlobalSection(ExtensibilityGlobals) = postSolution
		SolutionGuid = {F334E30C-1DA9-4BAC-8F1E-432169710E40}
	EndGlobalSection
EndGlobal
